
Microsoft Visual Studio Solution File, Format Version 12.00
# Visual Studio Version 17
VisualStudioVersion = 17.1.32414.318
MinimumVisualStudioVersion = 10.0.40219.1
Project("{FAE04EC0-301F-11D3-BF4B-00C04F79EFBC}") = "WpfApiClient2022", "WpfApiClient2022\WpfApiClient2022.csproj", "{056F6484-0CD7-400A-BF01-931D78A5FD49}"
EndProject
Global
	GlobalSection(SolutionConfigurationPlatforms) = preSolution
		Debug|Any CPU = Debug|Any CPU
		Release|Any CPU = Release|Any CPU
	EndGlobalSection
	GlobalSection(ProjectConfigurationPlatforms) = postSolution
		{056F6484-0CD7-400A-BF01-931D78A5FD49}.Debug|Any CPU.ActiveCfg = Debug|Any CPU
		{056F6484-0CD7-400A-BF01-931D78A5FD49}.Debug|Any CPU.Build.0 = Debug|Any CPU
		{056F6484-0CD7-400A-BF01-931D78A5FD49}.Release|Any CPU.ActiveCfg = Release|Any CPU
		{056F6484-0CD7-400A-BF01-931D78A5FD49}.Release|Any CPU.Build.0 = Release|Any CPU
	EndGlobalSection
	GlobalSection(SolutionProperties) = preSolution
		HideSolutionNode = FALSE
	EndGlobalSection
	GlobalSection(ExtensibilityGlobals) = postSolution
		SolutionGuid = {763F3783-C978-4A19-AF3A-EDF87160EB58}
	EndGlobalSection
EndGlobal
